
Microsoft Visual Studio Solution File, Format Version 12.00
# Visual Studio Version 17
VisualStudioVersion = 17.8.34330.188
MinimumVisualStudioVersion = 10.0.40219.1
Project("{FAE04EC0-301F-11D3-BF4B-00C04F79EFBC}") = "BlazorNativeIssueRepro", "BlazorNativeIssueRepro.csproj", "{F7985B33-664D-4F6A-BF9F-EAF95E02A42A}"
EndProject
Global
	GlobalSection(SolutionConfigurationPlatforms) = preSolution
		Debug|Any CPU = Debug|Any CPU
		Release|Any CPU = Release|Any CPU
	EndGlobalSection
	GlobalSection(ProjectConfigurationPlatforms) = postSolution
		{F7985B33-664D-4F6A-BF9F-EAF95E02A42A}.Debug|Any CPU.ActiveCfg = Debug|Any CPU
		{F7985B33-664D-4F6A-BF9F-EAF95E02A42A}.Debug|Any CPU.Build.0 = Debug|Any CPU
		{F7985B33-664D-4F6A-BF9F-EAF95E02A42A}.Release|Any CPU.ActiveCfg = Release|Any CPU
		{F7985B33-664D-4F6A-BF9F-EAF95E02A42A}.Release|Any CPU.Build.0 = Release|Any CPU
	EndGlobalSection
	GlobalSection(SolutionProperties) = preSolution
		HideSolutionNode = FALSE
	EndGlobalSection
	GlobalSection(ExtensibilityGlobals) = postSolution
		SolutionGuid = {2FD17EFC-95E7-46CA-A3AC-785E8F44CDA6}
	EndGlobalSection
EndGlobal
